
Microsoft Visual Studio Solution File, Format Version 11.00
# Visual Studio 2010
Project("{FAE04EC0-301F-11D3-BF4B-00C04F79EFBC}") = "Assembly-CSharp", "Assembly-CSharp.csproj", "{CAEE5003-D2ED-4D21-8143-202A0CA2141B}"
EndProject
Global
	GlobalSection(SolutionConfigurationPlatforms) = preSolution
		Debug|Any CPU = Debug|Any CPU
		Release|Any CPU = Release|Any CPU
	EndGlobalSection
	GlobalSection(ProjectConfigurationPlatforms) = postSolution
		{CAEE5003-D2ED-4D21-8143-202A0CA2141B}.Debug|Any CPU.ActiveCfg = Debug|Any CPU
		{CAEE5003-D2ED-4D21-8143-202A0CA2141B}.Debug|Any CPU.Build.0 = Debug|Any CPU
		{CAEE5003-D2ED-4D21-8143-202A0CA2141B}.Release|Any CPU.ActiveCfg = Release|Any CPU
		{CAEE5003-D2ED-4D21-8143-202A0CA2141B}.Release|Any CPU.Build.0 = Release|Any CPU
	EndGlobalSection
	GlobalSection(SolutionProperties) = preSolution
		HideSolutionNode = FALSE
	EndGlobalSection
EndGlobal
